
Microsoft Visual Studio Solution File, Format Version 12.00
# Visual Studio 14
VisualStudioVersion = 14.0.25420.1
MinimumVisualStudioVersion = 10.0.40219.1
Project("{FAE04EC0-301F-11D3-BF4B-00C04F79EFBC}") = "WebApplication1", "WebApplication1\WebApplication1.csproj", "{F45B0E7B-0CC4-4665-BCE7-A9158B2B1660}"
EndProject
Project("{FAE04EC0-301F-11D3-BF4B-00C04F79EFBC}") = "EmployeeWebAPI", "EmployeeWebAPI\EmployeeWebAPI.csproj", "{CD0E50A5-A221-40E2-ACD0-520A338D021F}"
EndProject
Global
	GlobalSection(SolutionConfigurationPlatforms) = preSolution
		Debug|Any CPU = Debug|Any CPU
		Release|Any CPU = Release|Any CPU
	EndGlobalSection
	GlobalSection(ProjectConfigurationPlatforms) = postSolution
		{F45B0E7B-0CC4-4665-BCE7-A9158B2B1660}.Debug|Any CPU.ActiveCfg = Debug|Any CPU
		{F45B0E7B-0CC4-4665-BCE7-A9158B2B1660}.Debug|Any CPU.Build.0 = Debug|Any CPU
		{F45B0E7B-0CC4-4665-BCE7-A9158B2B1660}.Release|Any CPU.ActiveCfg = Release|Any CPU
		{F45B0E7B-0CC4-4665-BCE7-A9158B2B1660}.Release|Any CPU.Build.0 = Release|Any CPU
		{CD0E50A5-A221-40E2-ACD0-520A338D021F}.Debug|Any CPU.ActiveCfg = Debug|Any CPU
		{CD0E50A5-A221-40E2-ACD0-520A338D021F}.Debug|Any CPU.Build.0 = Debug|Any CPU
		{CD0E50A5-A221-40E2-ACD0-520A338D021F}.Release|Any CPU.ActiveCfg = Release|Any CPU
		{CD0E50A5-A221-40E2-ACD0-520A338D021F}.Release|Any CPU.Build.0 = Release|Any CPU
	EndGlobalSection
	GlobalSection(SolutionProperties) = preSolution
		HideSolutionNode = FALSE
	EndGlobalSection
EndGlobal
